
Microsoft Visual Studio Solution File, Format Version 12.00
# Visual Studio Version 16
VisualStudioVersion = 16.0.29009.5
MinimumVisualStudioVersion = 10.0.40219.1
Project("{9A19103F-16F7-4668-BE54-9A1E7A4F7556}") = "StopsAndStations", "StopsAndStations\StopsAndStations.csproj", "{D4407D5B-7D55-4075-B8D0-D4A6E65412B2}"
EndProject
Project("{2150E333-8FDC-42A3-9474-1A3956D46DE8}") = "Infrastructure", "Infrastructure", "{B4E92BC5-5986-45FF-A924-90D9FB2F9C8A}"
	ProjectSection(SolutionItems) = preProject
		.editorconfig = .editorconfig
		Directory.Build.props = Directory.Build.props
		GitVersion.yml = GitVersion.yml
		stylecop.json = stylecop.json
	EndProjectSection
EndProject
Global
	GlobalSection(SolutionConfigurationPlatforms) = preSolution
		Debug|Any CPU = Debug|Any CPU
		Release|Any CPU = Release|Any CPU
	EndGlobalSection
	GlobalSection(ProjectConfigurationPlatforms) = postSolution
		{D4407D5B-7D55-4075-B8D0-D4A6E65412B2}.Debug|Any CPU.ActiveCfg = Debug|Any CPU
		{D4407D5B-7D55-4075-B8D0-D4A6E65412B2}.Debug|Any CPU.Build.0 = Debug|Any CPU
		{D4407D5B-7D55-4075-B8D0-D4A6E65412B2}.Release|Any CPU.ActiveCfg = Release|Any CPU
		{D4407D5B-7D55-4075-B8D0-D4A6E65412B2}.Release|Any CPU.Build.0 = Release|Any CPU
	EndGlobalSection
	GlobalSection(SolutionProperties) = preSolution
		HideSolutionNode = FALSE
	EndGlobalSection
	GlobalSection(ExtensibilityGlobals) = postSolution
		SolutionGuid = {B0C78569-8C01-4E6C-A585-8A01153494A6}
	EndGlobalSection
EndGlobal
